
Microsoft Visual Studio Solution File, Format Version 12.00
# Visual Studio 15
VisualStudioVersion = 15.0.28307.271
MinimumVisualStudioVersion = 10.0.40219.1
Project("{FAE04EC0-301F-11D3-BF4B-00C04F79EFBC}") = "VeteriBoss", "VeteriBoss\VeteriBoss.csproj", "{36C311D3-E68E-4966-903B-904335AAC75C}"
EndProject
Global
	GlobalSection(SolutionConfigurationPlatforms) = preSolution
		Debug|Any CPU = Debug|Any CPU
		Release|Any CPU = Release|Any CPU
	EndGlobalSection
	GlobalSection(ProjectConfigurationPlatforms) = postSolution
		{36C311D3-E68E-4966-903B-904335AAC75C}.Debug|Any CPU.ActiveCfg = Debug|Any CPU
		{36C311D3-E68E-4966-903B-904335AAC75C}.Debug|Any CPU.Build.0 = Debug|Any CPU
		{36C311D3-E68E-4966-903B-904335AAC75C}.Release|Any CPU.ActiveCfg = Release|Any CPU
		{36C311D3-E68E-4966-903B-904335AAC75C}.Release|Any CPU.Build.0 = Release|Any CPU
	EndGlobalSection
	GlobalSection(SolutionProperties) = preSolution
		HideSolutionNode = FALSE
	EndGlobalSection
	GlobalSection(ExtensibilityGlobals) = postSolution
		SolutionGuid = {589909D0-04A3-4988-986F-5F284EF8D4BD}
	EndGlobalSection
EndGlobal
